Microsoft Visual Studio Solution File, Format Version 12.00
# Visual Studio Version 17
VisualStudioVersion = 17.5.2.0
MinimumVisualStudioVersion = 10.0.40219.1
Project("{FAE04EC0-301F-11D3-BF4B-00C04F79EFBC}") = "CareerKitBackend", "CareerKitBackend\CareerKitBackend.csproj", "{ED67E657-6235-BCFA-366A-567CEB359D59}"
EndProject
Global
	GlobalSection(SolutionConfigurationPlatforms) = preSolution
		Debug|Any CPU = Debug|Any CPU
		Release|Any CPU = Release|Any CPU
	EndGlobalSection
	GlobalSection(ProjectConfigurationPlatforms) = postSolution
		{ED67E657-6235-BCFA-366A-567CEB359D59}.Debug|Any CPU.ActiveCfg = Debug|Any CPU
		{ED67E657-6235-BCFA-366A-567CEB359D59}.Debug|Any CPU.Build.0 = Debug|Any CPU
		{ED67E657-6235-BCFA-366A-567CEB359D59}.Release|Any CPU.ActiveCfg = Release|Any CPU
		{ED67E657-6235-BCFA-366A-567CEB359D59}.Release|Any CPU.Build.0 = Release|Any CPU
	EndGlobalSection
	GlobalSection(SolutionProperties) = preSolution
		HideSolutionNode = FALSE
	EndGlobalSection
	GlobalSection(ExtensibilityGlobals) = postSolution
		SolutionGuid = {63CC3D2F-6C52-483D-AABD-0BB2ABDC44E7}
	EndGlobalSection
EndGlobal
